{
	"name": "react-native-env-cli",
	"version": "0.0.0",
	"lockfileVersion": 3,
	"requires": true,
	"packages": {
		"": {
			"name": "react-native-env-cli",
			"version": "0.0.0",
			"license": "ISC",
			"dependencies": {
				"@types/bun": "^1.0.12",
				"command-exists": "^1.2.9",
				"commander": "^12.0.0",
				"compare-versions": "^6.1.0",
				"envinfo": "^7.13.0",
				"lodash": "^4.17.21",
				"semver": "^7.6.0"
			},
			"bin": {
				"setup-env": "dist/index.js"
			},
			"devDependencies": {
				"@types/bun": "latest",
				"@types/command-exists": "^1.2.3",
				"@types/envinfo": "^7.8.3",
				"@types/lodash": "^4.17.7",
				"@types/node": "^20.12.5",
				"@types/semver": "^7.5.8",
				"typescript": "^5.4.4"
			}
		},
		"node_modules/@types/bun": {
			"version": "1.0.12",
			"resolved": "https://registry.npmjs.org/@types/bun/-/bun-1.0.12.tgz",
			"integrity": "sha512-qPb5FcygbpSS1NDBjWyQCWeI9kKXwSYSR1Enu7yb+gMXgFwGMhlyOvgV/7FGrdvAjlSXWRY6IDepos7k8WzAtQ==",
			"dev": true,
			"dependencies": {
				"bun-types": "1.0.36"
			}
		},
		"node_modules/@types/command-exists": {
			"version": "1.2.3",
			"resolved": "https://registry.npmjs.org/@types/command-exists/-/command-exists-1.2.3.tgz",
			"integrity": "sha512-PpbaE2XWLaWYboXD6k70TcXO/OdOyyRFq5TVpmlUELNxdkkmXU9fkImNosmXU1DtsNrqdUgWd/nJQYXgwmtdXQ==",
			"dev": true
		},
		"node_modules/@types/envinfo": {
			"version": "7.8.3",
			"resolved": "https://registry.npmjs.org/@types/envinfo/-/envinfo-7.8.3.tgz",
			"integrity": "sha512-qzV1XMjmzgmndci6L5HlzExf4w9A5jQPNpW/t4sSljErKbS8y6231ToHO9ir2Xjf+2zG1C540+Wmh0zpUsGu0A==",
			"dev": true
		},
		"node_modules/@types/lodash": {
			"version": "4.17.7",
			"resolved": "https://registry.npmjs.org/@types/lodash/-/lodash-4.17.7.tgz",
			"integrity": "sha512-8wTvZawATi/lsmNu10/j2hk1KEP0IvjubqPE3cu1Xz7xfXXt5oCq3SNUz4fMIP4XGF9Ky+Ue2tBA3hcS7LSBlA==",
			"dev": true
		},
		"node_modules/@types/node": {
			"version": "20.12.7",
			"dev": true,
			"license": "MIT",
			"dependencies": {
				"undici-types": "~5.26.4"
			}
		},
		"node_modules/@types/semver": {
			"version": "7.5.8",
			"resolved": "https://registry.npmjs.org/@types/semver/-/semver-7.5.8.tgz",
			"integrity": "sha512-I8EUhyrgfLrcTkzV3TSsGyl1tSuPrEDzr0yd5m90UgNxQkyDXULk3b6MlQqTCpZpNtWe1K0hzclnZkTcLBe2UQ==",
			"dev": true
		},
		"node_modules/@types/ws": {
			"version": "8.5.10",
			"dev": true,
			"license": "MIT",
			"dependencies": {
				"@types/node": "*"
			}
		},
		"node_modules/bun-types": {
			"version": "1.0.36",
			"dev": true,
			"license": "MIT",
			"dependencies": {
				"@types/node": "~20.11.3",
				"@types/ws": "~8.5.10"
			}
		},
		"node_modules/bun-types/node_modules/@types/node": {
			"version": "20.11.30",
			"dev": true,
			"license": "MIT",
			"dependencies": {
				"undici-types": "~5.26.4"
			}
		},
		"node_modules/command-exists": {
			"version": "1.2.9",
			"resolved": "https://registry.npmjs.org/command-exists/-/command-exists-1.2.9.tgz",
			"integrity": "sha512-LTQ/SGc+s0Xc0Fu5WaKnR0YiygZkm9eKFvyS+fRsU7/ZWFF8ykFM6Pc9aCVf1+xasOOZpO3BAVgVrKvsqKHV7w=="
		},
		"node_modules/commander": {
			"version": "12.0.0",
			"license": "MIT",
			"engines": {
				"node": ">=18"
			}
		},
		"node_modules/compare-versions": {
			"version": "6.1.0",
			"resolved": "https://registry.npmjs.org/compare-versions/-/compare-versions-6.1.0.tgz",
			"integrity": "sha512-LNZQXhqUvqUTotpZ00qLSaify3b4VFD588aRr8MKFw4CMUr98ytzCW5wDH5qx/DEY5kCDXcbcRuCqL0szEf2tg=="
		},
		"node_modules/envinfo": {
			"version": "7.13.0",
			"resolved": "https://registry.npmjs.org/envinfo/-/envinfo-7.13.0.tgz",
			"integrity": "sha512-cvcaMr7KqXVh4nyzGTVqTum+gAiL265x5jUWQIDLq//zOGbW+gSW/C+OWLleY/rs9Qole6AZLMXPbtIFQbqu+Q==",
			"bin": {
				"envinfo": "dist/cli.js"
			},
			"engines": {
				"node": ">=4"
			}
		},
		"node_modules/lodash": {
			"version": "4.17.21",
			"resolved": "https://registry.npmjs.org/lodash/-/lodash-4.17.21.tgz",
			"integrity": "sha512-v2kDEe57lecTulaDIuNTPy3Ry4gLGJ6Z1O3vE1krgXZNrsQ+LFTGHVxVjcXPs17LhbZVGedAJv8XZ1tvj5FvSg=="
		},
		"node_modules/lru-cache": {
			"version": "6.0.0",
			"resolved": "https://registry.npmjs.org/lru-cache/-/lru-cache-6.0.0.tgz",
			"integrity": "sha512-Jo6dJ04CmSjuznwJSS3pUeWmd/H0ffTlkXXgwZi+eq1UCmqQwCh+eLsYOYCwY991i2Fah4h1BEMCx4qThGbsiA==",
			"dependencies": {
				"yallist": "^4.0.0"
			},
			"engines": {
				"node": ">=10"
			}
		},
		"node_modules/semver": {
			"version": "7.6.0",
			"resolved": "https://registry.npmjs.org/semver/-/semver-7.6.0.tgz",
			"integrity": "sha512-EnwXhrlwXMk9gKu5/flx5sv/an57AkRplG3hTK68W7FRDN+k+OWBj65M7719OkA82XLBxrcX0KSHj+X5COhOVg==",
			"dependencies": {
				"lru-cache": "^6.0.0"
			},
			"bin": {
				"semver": "bin/semver.js"
			},
			"engines": {
				"node": ">=10"
			}
		},
		"node_modules/typescript": {
			"version": "5.4.4",
			"dev": true,
			"license": "Apache-2.0",
			"bin": {
				"tsc": "bin/tsc",
				"tsserver": "bin/tsserver"
			},
			"engines": {
				"node": ">=14.17"
			}
		},
		"node_modules/undici-types": {
			"version": "5.26.5",
			"dev": true,
			"license": "MIT"
		},
		"node_modules/yallist": {
			"version": "4.0.0",
			"resolved": "https://registry.npmjs.org/yallist/-/yallist-4.0.0.tgz",
			"integrity": "sha512-3wdGidZyq5PB084XLES5TpOSRA3wjXAlIWMhum2kRcv/41Sn2emQ0dycQW4uZXLejwKvg6EsvbdlVL+FYEct7A=="
		}
	}
}
